
Microsoft Visual Studio Solution File, Format Version 12.00
# Visual Studio Version 17
VisualStudioVersion = 17.4.33205.214
MinimumVisualStudioVersion = 10.0.40219.1
Project("{9A19103F-16F7-4668-BE54-9A1E7A4F7556}") = "Backend", "Backend\Backend.csproj", "{FE3B9FBF-765E-4DF6-857F-EBD318271697}"
EndProject
Project("{9A19103F-16F7-4668-BE54-9A1E7A4F7556}") = "Caisse", "Caisse\Caisse.csproj", "{D1FACCD2-D7EA-4692-8BF5-CFA13BDD5BE8}"
EndProject
Project("{9A19103F-16F7-4668-BE54-9A1E7A4F7556}") = "SGI", "SGI\SGI.csproj", "{B17F97DB-1482-407D-82C0-B92EF41016BA}"
EndProject
Global
	GlobalSection(SolutionConfigurationPlatforms) = preSolution
		Debug|Any CPU = Debug|Any CPU
		Release|Any CPU = Release|Any CPU
	EndGlobalSection
	GlobalSection(ProjectConfigurationPlatforms) = postSolution
		{FE3B9FBF-765E-4DF6-857F-EBD318271697}.Debug|Any CPU.ActiveCfg = Debug|Any CPU
		{FE3B9FBF-765E-4DF6-857F-EBD318271697}.Debug|Any CPU.Build.0 = Debug|Any CPU
		{FE3B9FBF-765E-4DF6-857F-EBD318271697}.Release|Any CPU.ActiveCfg = Release|Any CPU
		{FE3B9FBF-765E-4DF6-857F-EBD318271697}.Release|Any CPU.Build.0 = Release|Any CPU
		{D1FACCD2-D7EA-4692-8BF5-CFA13BDD5BE8}.Debug|Any CPU.ActiveCfg = Debug|Any CPU
		{D1FACCD2-D7EA-4692-8BF5-CFA13BDD5BE8}.Debug|Any CPU.Build.0 = Debug|Any CPU
		{D1FACCD2-D7EA-4692-8BF5-CFA13BDD5BE8}.Release|Any CPU.ActiveCfg = Release|Any CPU
		{D1FACCD2-D7EA-4692-8BF5-CFA13BDD5BE8}.Release|Any CPU.Build.0 = Release|Any CPU
		{B17F97DB-1482-407D-82C0-B92EF41016BA}.Debug|Any CPU.ActiveCfg = Debug|Any CPU
		{B17F97DB-1482-407D-82C0-B92EF41016BA}.Debug|Any CPU.Build.0 = Debug|Any CPU
		{B17F97DB-1482-407D-82C0-B92EF41016BA}.Release|Any CPU.ActiveCfg = Release|Any CPU
		{B17F97DB-1482-407D-82C0-B92EF41016BA}.Release|Any CPU.Build.0 = Release|Any CPU
	EndGlobalSection
	GlobalSection(SolutionProperties) = preSolution
		HideSolutionNode = FALSE
	EndGlobalSection
	GlobalSection(ExtensibilityGlobals) = postSolution
		SolutionGuid = {398CB651-A21E-4AD6-8D8B-119AED86B273}
	EndGlobalSection
EndGlobal
